
Microsoft Visual Studio Solution File, Format Version 11.00
# Visual Studio 2010
Project("{FAE04EC0-301F-11D3-BF4B-00C04F79EFBC}") = "CC3_GUI", "CC3_GUI\CC3_GUI.csproj", "{BCDBCD88-7012-40FD-87C7-0C035C2404F2}"
EndProject
Project("{FAE04EC0-301F-11D3-BF4B-00C04F79EFBC}") = "CretaBase", "..\..\CretaBase\CretaBase\CretaBase.csproj", "{0989B54C-ABA9-4DEB-B8E0-27ADFE3A6E52}"
EndProject
Global
	GlobalSection(SolutionConfigurationPlatforms) = preSolution
		Debug|Any CPU = Debug|Any CPU
		Debug|Mixed Platforms = Debug|Mixed Platforms
		Debug|x86 = Debug|x86
		Release|Any CPU = Release|Any CPU
		Release|Mixed Platforms = Release|Mixed Platforms
		Release|x86 = Release|x86
	EndGlobalSection
	GlobalSection(ProjectConfigurationPlatforms) = postSolution
		{BCDBCD88-7012-40FD-87C7-0C035C2404F2}.Debug|Any CPU.ActiveCfg = Debug|x86
		{BCDBCD88-7012-40FD-87C7-0C035C2404F2}.Debug|Mixed Platforms.ActiveCfg = Debug|x86
		{BCDBCD88-7012-40FD-87C7-0C035C2404F2}.Debug|Mixed Platforms.Build.0 = Debug|x86
		{BCDBCD88-7012-40FD-87C7-0C035C2404F2}.Debug|x86.ActiveCfg = Debug|x86
		{BCDBCD88-7012-40FD-87C7-0C035C2404F2}.Debug|x86.Build.0 = Debug|x86
		{BCDBCD88-7012-40FD-87C7-0C035C2404F2}.Release|Any CPU.ActiveCfg = Release|x86
		{BCDBCD88-7012-40FD-87C7-0C035C2404F2}.Release|Mixed Platforms.ActiveCfg = Release|x86
		{BCDBCD88-7012-40FD-87C7-0C035C2404F2}.Release|Mixed Platforms.Build.0 = Release|x86
		{BCDBCD88-7012-40FD-87C7-0C035C2404F2}.Release|x86.ActiveCfg = Release|x86
		{BCDBCD88-7012-40FD-87C7-0C035C2404F2}.Release|x86.Build.0 = Release|x86
		{0989B54C-ABA9-4DEB-B8E0-27ADFE3A6E52}.Debug|Any CPU.ActiveCfg = Debug|x86
		{0989B54C-ABA9-4DEB-B8E0-27ADFE3A6E52}.Debug|Mixed Platforms.ActiveCfg = Debug|x86
		{0989B54C-ABA9-4DEB-B8E0-27ADFE3A6E52}.Debug|Mixed Platforms.Build.0 = Debug|x86
		{0989B54C-ABA9-4DEB-B8E0-27ADFE3A6E52}.Debug|x86.ActiveCfg = Debug|x86
		{0989B54C-ABA9-4DEB-B8E0-27ADFE3A6E52}.Debug|x86.Build.0 = Debug|x86
		{0989B54C-ABA9-4DEB-B8E0-27ADFE3A6E52}.Release|Any CPU.ActiveCfg = Release|x86
		{0989B54C-ABA9-4DEB-B8E0-27ADFE3A6E52}.Release|Mixed Platforms.ActiveCfg = Release|x86
		{0989B54C-ABA9-4DEB-B8E0-27ADFE3A6E52}.Release|Mixed Platforms.Build.0 = Release|x86
		{0989B54C-ABA9-4DEB-B8E0-27ADFE3A6E52}.Release|x86.ActiveCfg = Release|x86
		{0989B54C-ABA9-4DEB-B8E0-27ADFE3A6E52}.Release|x86.Build.0 = Release|x86
	EndGlobalSection
	GlobalSection(SolutionProperties) = preSolution
		HideSolutionNode = FALSE
	EndGlobalSection
EndGlobal
